
Microsoft Visual Studio Solution File, Format Version 12.00
# Visual Studio Version 17
VisualStudioVersion = 17.6.33815.320
MinimumVisualStudioVersion = 10.0.40219.1
Project("{FAE04EC0-301F-11D3-BF4B-00C04F79EFBC}") = "todo_api", "WebApplication1\todo_api.csproj", "{A85098F0-38CB-4D01-A05C-EEBB747B301B}"
EndProject
Global
	GlobalSection(SolutionConfigurationPlatforms) = preSolution
		Debug|Any CPU = Debug|Any CPU
		Release|Any CPU = Release|Any CPU
	EndGlobalSection
	GlobalSection(ProjectConfigurationPlatforms) = postSolution
		{A85098F0-38CB-4D01-A05C-EEBB747B301B}.Debug|Any CPU.ActiveCfg = Debug|Any CPU
		{A85098F0-38CB-4D01-A05C-EEBB747B301B}.Debug|Any CPU.Build.0 = Debug|Any CPU
		{A85098F0-38CB-4D01-A05C-EEBB747B301B}.Release|Any CPU.ActiveCfg = Release|Any CPU
		{A85098F0-38CB-4D01-A05C-EEBB747B301B}.Release|Any CPU.Build.0 = Release|Any CPU
	EndGlobalSection
	GlobalSection(SolutionProperties) = preSolution
		HideSolutionNode = FALSE
	EndGlobalSection
	GlobalSection(ExtensibilityGlobals) = postSolution
		SolutionGuid = {F894D595-E387-49A0-AF84-1E3200F3A478}
	EndGlobalSection
EndGlobal
